
Microsoft Visual Studio Solution File, Format Version 12.00
# Visual Studio Version 17
VisualStudioVersion = 17.8.34322.80
MinimumVisualStudioVersion = 10.0.40219.1
Project("{FAE04EC0-301F-11D3-BF4B-00C04F79EFBC}") = "23MY03039_odev_no_5", "23MY03039_odev_no_5\23MY03039_odev_no_5.csproj", "{CE0824D4-31E6-463D-9048-C52B5610FFD3}"
EndProject
Global
	GlobalSection(SolutionConfigurationPlatforms) = preSolution
		Debug|Any CPU = Debug|Any CPU
		Release|Any CPU = Release|Any CPU
	EndGlobalSection
	GlobalSection(ProjectConfigurationPlatforms) = postSolution
		{CE0824D4-31E6-463D-9048-C52B5610FFD3}.Debug|Any CPU.ActiveCfg = Debug|Any CPU
		{CE0824D4-31E6-463D-9048-C52B5610FFD3}.Debug|Any CPU.Build.0 = Debug|Any CPU
		{CE0824D4-31E6-463D-9048-C52B5610FFD3}.Release|Any CPU.ActiveCfg = Release|Any CPU
		{CE0824D4-31E6-463D-9048-C52B5610FFD3}.Release|Any CPU.Build.0 = Release|Any CPU
	EndGlobalSection
	GlobalSection(SolutionProperties) = preSolution
		HideSolutionNode = FALSE
	EndGlobalSection
	GlobalSection(ExtensibilityGlobals) = postSolution
		SolutionGuid = {C0471325-421C-44CB-B9EB-61BD9770F748}
	EndGlobalSection
EndGlobal
